// !$*UTF8*$!
{
	archiveVersion = 1;
	classes = {
	};
	objectVersion = 46;
	objects = {

/* Begin PBXBuildFile section */
		5F5F3C721F54095300C30DF9 /* main.m in Sources */ = {isa = PBXBuildFile; fileRef = 5F5F3C711F54095300C30DF9 /* main.m */; };
		5F5F3C751F54095300C30DF9 /* AppDelegate.m in Sources */ = {isa = PBXBuildFile; fileRef = 5F5F3C741F54095300C30DF9 /* AppDelegate.m */; };
		5F5F3C781F54096000C30DF9 /* ViewController.m in Sources */ = {isa = PBXBuildFile; fileRef = 5F5F3C771F54095C00C30DF9 /* ViewController.m */; };
		5F5F3C7B1F54096100C30DF9 /* Main.storyboard in Resources */ = {isa = PBXBuildFile; fileRef = 5F5F3C791F54096100C30DF9 /* Main.storyboard */; };
		5F5F3C7D1F54096100C30DF9 /* Assets.xcassets in Resources */ = {isa = PBXBuildFile; fileRef = 5F5F3C7C1F54096100C30DF9 /* Assets.xcassets */; };
		5F5F3C801F54096100C30DF9 /* LaunchScreen.storyboard in Resources */ = {isa = PBXBuildFile; fileRef = 5F5F3C7E1F54096100C30DF9 /* LaunchScreen.storyboard */; };
		5F5F3C8B1F54096100C30DF9 /* SLL__HDTests.m in Sources */ = {isa = PBXBuildFile; fileRef = 5F5F3C8A1F54096100C30DF9 /* SLL__HDTests.m */; };
		5F5F3C961F54096200C30DF9 /* SLL__HDUITests.m in Sources */ = {isa = PBXBuildFile; fileRef = 5F5F3C951F54096200C30DF9 /* SLL__HDUITests.m */; };
		5F65AC7C1F90863100D8E246 /* HomeViewController.m in Sources */ = {isa = PBXBuildFile; fileRef = 5F65AC7B1F90863100D8E246 /* HomeViewController.m */; };
		5F65AC7F1F90869200D8E246 /* NavigationController.m in Sources */ = {isa = PBXBuildFile; fileRef = 5F65AC7E1F90869200D8E246 /* NavigationController.m */; };
		5F65AC891F90893100D8E246 /* UIBarButtonItem+Extension.m in Sources */ = {isa = PBXBuildFile; fileRef = 5F65AC881F90893100D8E246 /* UIBarButtonItem+Extension.m */; };
		5F65AC8E1F908B5400D8E246 /* Const.m in Sources */ = {isa = PBXBuildFile; fileRef = 5F65AC8D1F908B5400D8E246 /* Const.m */; };
		5F65AC8F1F908D6D00D8E246 /* UIView+Extension.m in Sources */ = {isa = PBXBuildFile; fileRef = 5F65AC861F9088E700D8E246 /* UIView+Extension.m */; };
		5F65AC921F908F9600D8E246 /* HomeTopItem.m in Sources */ = {isa = PBXBuildFile; fileRef = 5F65AC911F908F9600D8E246 /* HomeTopItem.m */; };
		5F65AC941F908FAA00D8E246 /* HomeTopItem.xib in Resources */ = {isa = PBXBuildFile; fileRef = 5F65AC931F908FAA00D8E246 /* HomeTopItem.xib */; };
		5F65ACA01F909C7900D8E246 /* HomeDropDown.m in Sources */ = {isa = PBXBuildFile; fileRef = 5F65AC9F1F909C7900D8E246 /* HomeDropDown.m */; };
		5F65ACA21F909C8800D8E246 /* HomeDropDown.xib in Resources */ = {isa = PBXBuildFile; fileRef = 5F65ACA11F909C8800D8E246 /* HomeDropDown.xib */; };
		5F65ACA81F90A10600D8E246 /* CateGoryViewController.m in Sources */ = {isa = PBXBuildFile; fileRef = 5F65ACA71F90A10600D8E246 /* CateGoryViewController.m */; };
		F9B9EF601F90DB9300A36BA2 /* MTCategory.m in Sources */ = {isa = PBXBuildFile; fileRef = F9B9EF5F1F90DB9300A36BA2 /* MTCategory.m */; };
		F9B9F00A1F90E45800A36BA2 /* MJArgument.m in Sources */ = {isa = PBXBuildFile; fileRef = F9B9EFF41F90E45600A36BA2 /* MJArgument.m */; };
		F9B9F00B1F90E45800A36BA2 /* MJConst.m in Sources */ = {isa = PBXBuildFile; fileRef = F9B9EFF61F90E45600A36BA2 /* MJConst.m */; };
		F9B9F00C1F90E45800A36BA2 /* MJFoundation.m in Sources */ = {isa = PBXBuildFile; fileRef = F9B9EFF91F90E45600A36BA2 /* MJFoundation.m */; };
		F9B9F00D1F90E45800A36BA2 /* MJIvar.m in Sources */ = {isa = PBXBuildFile; fileRef = F9B9EFFB1F90E45600A36BA2 /* MJIvar.m */; };
		F9B9F00E1F90E45800A36BA2 /* MJMember.m in Sources */ = {isa = PBXBuildFile; fileRef = F9B9EFFD1F90E45600A36BA2 /* MJMember.m */; };
		F9B9F00F1F90E45800A36BA2 /* MJMethod.m in Sources */ = {isa = PBXBuildFile; fileRef = F9B9EFFF1F90E45600A36BA2 /* MJMethod.m */; };
		F9B9F0101F90E45800A36BA2 /* MJType.m in Sources */ = {isa = PBXBuildFile; fileRef = F9B9F0011F90E45600A36BA2 /* MJType.m */; };
		F9B9F0111F90E45800A36BA2 /* MJTypeEncoding.m in Sources */ = {isa = PBXBuildFile; fileRef = F9B9F0031F90E45600A36BA2 /* MJTypeEncoding.m */; };
		F9B9F0121F90E45800A36BA2 /* NSObject+MJCoding.m in Sources */ = {isa = PBXBuildFile; fileRef = F9B9F0051F90E45600A36BA2 /* NSObject+MJCoding.m */; };
		F9B9F0131F90E45800A36BA2 /* NSObject+MJKeyValue.m in Sources */ = {isa = PBXBuildFile; fileRef = F9B9F0071F90E45600A36BA2 /* NSObject+MJKeyValue.m */; };
		F9B9F0141F90E45800A36BA2 /* NSObject+MJMember.m in Sources */ = {isa = PBXBuildFile; fileRef = F9B9F0091F90E45600A36BA2 /* NSObject+MJMember.m */; };
		F9B9F01A1F90E66600A36BA2 /* categories.plist in Resources */ = {isa = PBXBuildFile; fileRef = F9B9F0161F90E66600A36BA2 /* categories.plist */; };
		F9B9F01B1F90E66600A36BA2 /* cities.plist in Resources */ = {isa = PBXBuildFile; fileRef = F9B9F0171F90E66600A36BA2 /* cities.plist */; };
		F9B9F01C1F90E66600A36BA2 /* cityGroups.plist in Resources */ = {isa = PBXBuildFile; fileRef = F9B9F0181F90E66600A36BA2 /* cityGroups.plist */; };
		F9B9F01D1F90E66600A36BA2 /* sorts.plist in Resources */ = {isa = PBXBuildFile; fileRef = F9B9F0191F90E66600A36BA2 /* sorts.plist */; };
		F9B9F0201F90E86800A36BA2 /* MainCell.m in Sources */ = {isa = PBXBuildFile; fileRef = F9B9F01F1F90E86800A36BA2 /* MainCell.m */; };
		F9B9F0231F90EABE00A36BA2 /* SubCell.m in Sources */ = {isa = PBXBuildFile; fileRef = F9B9F0221F90EABE00A36BA2 /* SubCell.m */; };
		F9EA32AE1F91E73A004CE4E4 /* CityController.m in Sources */ = {isa = PBXBuildFile; fileRef = F9EA32AC1F91E73A004CE4E4 /* CityController.m */; };
		F9EA32AF1F91E73A004CE4E4 /* CityController.xib in Resources */ = {isa = PBXBuildFile; fileRef = F9EA32AD1F91E73A004CE4E4 /* CityController.xib */; };
		F9EA32B31F91ECEA004CE4E4 /* CitiesController.m in Sources */ = {isa = PBXBuildFile; fileRef = F9EA32B11F91ECEA004CE4E4 /* CitiesController.m */; };
		F9EA32B41F91ECEA004CE4E4 /* CitiesController.xib in Resources */ = {isa = PBXBuildFile; fileRef = F9EA32B21F91ECEA004CE4E4 /* CitiesController.xib */; };
		F9EA32CD1F91F4CE004CE4E4 /* MASCompositeConstraint.m in Sources */ = {isa = PBXBuildFile; fileRef = F9EA32B71F91F4CE004CE4E4 /* MASCompositeConstraint.m */; };
		F9EA32CE1F91F4CE004CE4E4 /* MASConstraint.m in Sources */ = {isa = PBXBuildFile; fileRef = F9EA32BA1F91F4CE004CE4E4 /* MASConstraint.m */; };
		F9EA32CF1F91F4CE004CE4E4 /* MASConstraintMaker.m in Sources */ = {isa = PBXBuildFile; fileRef = F9EA32BC1F91F4CE004CE4E4 /* MASConstraintMaker.m */; };
		F9EA32D01F91F4CE004CE4E4 /* MASLayoutConstraint.m in Sources */ = {isa = PBXBuildFile; fileRef = F9EA32BE1F91F4CE004CE4E4 /* MASLayoutConstraint.m */; };
		F9EA32D11F91F4CE004CE4E4 /* MASViewAttribute.m in Sources */ = {isa = PBXBuildFile; fileRef = F9EA32C21F91F4CE004CE4E4 /* MASViewAttribute.m */; };
		F9EA32D21F91F4CE004CE4E4 /* MASViewConstraint.m in Sources */ = {isa = PBXBuildFile; fileRef = F9EA32C41F91F4CE004CE4E4 /* MASViewConstraint.m */; };
		F9EA32D31F91F4CE004CE4E4 /* NSArray+MASAdditions.m in Sources */ = {isa = PBXBuildFile; fileRef = F9EA32C61F91F4CE004CE4E4 /* NSArray+MASAdditions.m */; };
		F9EA32D41F91F4CE004CE4E4 /* NSLayoutConstraint+MASDebugAdditions.m in Sources */ = {isa = PBXBuildFile; fileRef = F9EA32C91F91F4CE004CE4E4 /* NSLayoutConstraint+MASDebugAdditions.m */; };
		F9EA32D51F91F4CE004CE4E4 /* View+MASAdditions.m in Sources */ = {isa = PBXBuildFile; fileRef = F9EA32CB1F91F4CE004CE4E4 /* View+MASAdditions.m */; };
		F9EA32D81F91FBF0004CE4E4 /* CityGroup.m in Sources */ = {isa = PBXBuildFile; fileRef = F9EA32D71F91FBF0004CE4E4 /* CityGroup.m */; };
		F9EA32DB1F92010C004CE4E4 /* City.m in Sources */ = {isa = PBXBuildFile; fileRef = F9EA32DA1F92010C004CE4E4 /* City.m */; };
		F9EA32DE1F92011C004CE4E4 /* Regions.m in Sources */ = {isa = PBXBuildFile; fileRef = F9EA32DD1F92011C004CE4E4 /* Regions.m */; };
/* End PBXBuildFile section */

/* Begin PBXContainerItemProxy section */
		5F5F3C871F54096100C30DF9 /* PBXContainerItemProxy */ = {
			isa = PBXContainerItemProxy;
			containerPortal = 5F5F3C651F54095200C30DF9 /* Project object */;
			proxyType = 1;
			remoteGlobalIDString = 5F5F3C6C1F54095300C30DF9;
			remoteInfo = "SLL美团HD";
		};
		5F5F3C921F54096200C30DF9 /* PBXContainerItemProxy */ = {
			isa = PBXContainerItemProxy;
			containerPortal = 5F5F3C651F54095200C30DF9 /* Project object */;
			proxyType = 1;
			remoteGlobalIDString = 5F5F3C6C1F54095300C30DF9;
			remoteInfo = "SLL美团HD";
		};
/* End PBXContainerItemProxy section */

/* Begin PBXFileReference section */
		5F5F3C6D1F54095300C30DF9 /* SLL美团HD.app */ = {isa = PBXFileReference; explicitFileType = wrapper.application; includeInIndex = 0; path = "SLL美团HD.app"; sourceTree = BUILT_PRODUCTS_DIR; };
		5F5F3C711F54095300C30DF9 /* main.m */ = {isa = PBXFileReference; lastKnownFileType = sourcecode.c.objc; path = main.m; sourceTree = "<group>"; };
		5F5F3C731F54095300C30DF9 /* AppDelegate.h */ = {isa = PBXFileReference; lastKnownFileType = sourcecode.c.h; path = AppDelegate.h; sourceTree = "<group>"; };
		5F5F3C741F54095300C30DF9 /* AppDelegate.m */ = {isa = PBXFileReference; lastKnownFileType = sourcecode.c.objc; path = AppDelegate.m; sourceTree = "<group>"; };
		5F5F3C761F54095700C30DF9 /* ViewController.h */ = {isa = PBXFileReference; lastKnownFileType = sourcecode.c.h; path = ViewController.h; sourceTree = "<group>"; };
		5F5F3C771F54095C00C30DF9 /* ViewController.m */ = {isa = PBXFileReference; lastKnownFileType = sourcecode.c.objc; path = ViewController.m; sourceTree = "<group>"; };
		5F5F3C7A1F54096100C30DF9 /* Base */ = {isa = PBXFileReference; lastKnownFileType = file.storyboard; name = Base; path = Base.lproj/Main.storyboard; sourceTree = "<group>"; };
		5F5F3C7C1F54096100C30DF9 /* Assets.xcassets */ = {isa = PBXFileReference; lastKnownFileType = folder.assetcatalog; path = Assets.xcassets; sourceTree = "<group>"; };
		5F5F3C7F1F54096100C30DF9 /* Base */ = {isa = PBXFileReference; lastKnownFileType = file.storyboard; name = Base; path = Base.lproj/LaunchScreen.storyboard; sourceTree = "<group>"; };
		5F5F3C811F54096100C30DF9 /* Info.plist */ = {isa = PBXFileReference; lastKnownFileType = text.plist.xml; path = Info.plist; sourceTree = "<group>"; };
		5F5F3C861F54096100C30DF9 /* SLL美团HDTests.xctest */ = {isa = PBXFileReference; explicitFileType = wrapper.cfbundle; includeInIndex = 0; path = "SLL美团HDTests.xctest"; sourceTree = BUILT_PRODUCTS_DIR; };
		5F5F3C8A1F54096100C30DF9 /* SLL__HDTests.m */ = {isa = PBXFileReference; lastKnownFileType = sourcecode.c.objc; path = SLL__HDTests.m; sourceTree = "<group>"; };
		5F5F3C8C1F54096200C30DF9 /* Info.plist */ = {isa = PBXFileReference; lastKnownFileType = text.plist.xml; path = Info.plist; sourceTree = "<group>"; };
		5F5F3C911F54096200C30DF9 /* SLL美团HDUITests.xctest */ = {isa = PBXFileReference; explicitFileType = wrapper.cfbundle; includeInIndex = 0; path = "SLL美团HDUITests.xctest"; sourceTree = BUILT_PRODUCTS_DIR; };
		5F5F3C951F54096200C30DF9 /* SLL__HDUITests.m */ = {isa = PBXFileReference; lastKnownFileType = sourcecode.c.objc; path = SLL__HDUITests.m; sourceTree = "<group>"; };
		5F5F3C971F54096200C30DF9 /* Info.plist */ = {isa = PBXFileReference; lastKnownFileType = text.plist.xml; path = Info.plist; sourceTree = "<group>"; };
		5F65AC7A1F90863100D8E246 /* HomeViewController.h */ = {isa = PBXFileReference; lastKnownFileType = sourcecode.c.h; path = HomeViewController.h; sourceTree = "<group>"; };
		5F65AC7B1F90863100D8E246 /* HomeViewController.m */ = {isa = PBXFileReference; lastKnownFileType = sourcecode.c.objc; path = HomeViewController.m; sourceTree = "<group>"; };
		5F65AC7D1F90869200D8E246 /* NavigationController.h */ = {isa = PBXFileReference; lastKnownFileType = sourcecode.c.h; path = NavigationController.h; sourceTree = "<group>"; };
		5F65AC7E1F90869200D8E246 /* NavigationController.m */ = {isa = PBXFileReference; lastKnownFileType = sourcecode.c.objc; path = NavigationController.m; sourceTree = "<group>"; };
		5F65AC851F9088E700D8E246 /* UIView+Extension.h */ = {isa = PBXFileReference; lastKnownFileType = sourcecode.c.h; path = "UIView+Extension.h"; sourceTree = "<group>"; };
		5F65AC861F9088E700D8E246 /* UIView+Extension.m */ = {isa = PBXFileReference; lastKnownFileType = sourcecode.c.objc; path = "UIView+Extension.m"; sourceTree = "<group>"; };
		5F65AC871F90893100D8E246 /* UIBarButtonItem+Extension.h */ = {isa = PBXFileReference; lastKnownFileType = sourcecode.c.h; path = "UIBarButtonItem+Extension.h"; sourceTree = "<group>"; };
		5F65AC881F90893100D8E246 /* UIBarButtonItem+Extension.m */ = {isa = PBXFileReference; lastKnownFileType = sourcecode.c.objc; path = "UIBarButtonItem+Extension.m"; sourceTree = "<group>"; };
		5F65AC8C1F908B5400D8E246 /* Const.h */ = {isa = PBXFileReference; lastKnownFileType = sourcecode.c.h; path = Const.h; sourceTree = "<group>"; };
		5F65AC8D1F908B5400D8E246 /* Const.m */ = {isa = PBXFileReference; lastKnownFileType = sourcecode.c.objc; path = Const.m; sourceTree = "<group>"; };
		5F65AC901F908F9600D8E246 /* HomeTopItem.h */ = {isa = PBXFileReference; lastKnownFileType = sourcecode.c.h; path = HomeTopItem.h; sourceTree = "<group>"; };
		5F65AC911F908F9600D8E246 /* HomeTopItem.m */ = {isa = PBXFileReference; lastKnownFileType = sourcecode.c.objc; path = HomeTopItem.m; sourceTree = "<group>"; };
		5F65AC931F908FAA00D8E246 /* HomeTopItem.xib */ = {isa = PBXFileReference; lastKnownFileType = file.xib; path = HomeTopItem.xib; sourceTree = "<group>"; };
		5F65AC9E1F909C7900D8E246 /* HomeDropDown.h */ = {isa = PBXFileReference; lastKnownFileType = sourcecode.c.h; path = HomeDropDown.h; sourceTree = "<group>"; };
		5F65AC9F1F909C7900D8E246 /* HomeDropDown.m */ = {isa = PBXFileReference; lastKnownFileType = sourcecode.c.objc; path = HomeDropDown.m; sourceTree = "<group>"; };
		5F65ACA11F909C8800D8E246 /* HomeDropDown.xib */ = {isa = PBXFileReference; lastKnownFileType = file.xib; path = HomeDropDown.xib; sourceTree = "<group>"; };
		5F65ACA61F90A10600D8E246 /* CateGoryViewController.h */ = {isa = PBXFileReference; lastKnownFileType = sourcecode.c.h; path = CateGoryViewController.h; sourceTree = "<group>"; };
		5F65ACA71F90A10600D8E246 /* CateGoryViewController.m */ = {isa = PBXFileReference; lastKnownFileType = sourcecode.c.objc; path = CateGoryViewController.m; sourceTree = "<group>"; };
		F9B9EF5E1F90DB9300A36BA2 /* MTCategory.h */ = {isa = PBXFileReference; lastKnownFileType = sourcecode.c.h; path = MTCategory.h; sourceTree = "<group>"; };
		F9B9EF5F1F90DB9300A36BA2 /* MTCategory.m */ = {isa = PBXFileReference; lastKnownFileType = sourcecode.c.objc; path = MTCategory.m; sourceTree = "<group>"; };
		F9B9EFF31F90E45600A36BA2 /* MJArgument.h */ = {isa = PBXFileReference; fileEncoding = 4; lastKnownFileType = sourcecode.c.h; path = MJArgument.h; sourceTree = "<group>"; };
		F9B9EFF41F90E45600A36BA2 /* MJArgument.m */ = {isa = PBXFileReference; fileEncoding = 4; lastKnownFileType = sourcecode.c.objc; path = MJArgument.m; sourceTree = "<group>"; };
		F9B9EFF51F90E45600A36BA2 /* MJConst.h */ = {isa = PBXFileReference; fileEncoding = 4; lastKnownFileType = sourcecode.c.h; path = MJConst.h; sourceTree = "<group>"; };
		F9B9EFF61F90E45600A36BA2 /* MJConst.m */ = {isa = PBXFileReference; fileEncoding = 4; lastKnownFileType = sourcecode.c.objc; path = MJConst.m; sourceTree = "<group>"; };
		F9B9EFF71F90E45600A36BA2 /* MJExtension.h */ = {isa = PBXFileReference; fileEncoding = 4; lastKnownFileType = sourcecode.c.h; path = MJExtension.h; sourceTree = "<group>"; };
		F9B9EFF81F90E45600A36BA2 /* MJFoundation.h */ = {isa = PBXFileReference; fileEncoding = 4; lastKnownFileType = sourcecode.c.h; path = MJFoundation.h; sourceTree = "<group>"; };
		F9B9EFF91F90E45600A36BA2 /* MJFoundation.m */ = {isa = PBXFileReference; fileEncoding = 4; lastKnownFileType = sourcecode.c.objc; path = MJFoundation.m; sourceTree = "<group>"; };
		F9B9EFFA1F90E45600A36BA2 /* MJIvar.h */ = {isa = PBXFileReference; fileEncoding = 4; lastKnownFileType = sourcecode.c.h; path = MJIvar.h; sourceTree = "<group>"; };
		F9B9EFFB1F90E45600A36BA2 /* MJIvar.m */ = {isa = PBXFileReference; fileEncoding = 4; lastKnownFileType = sourcecode.c.objc; path = MJIvar.m; sourceTree = "<group>"; };
		F9B9EFFC1F90E45600A36BA2 /* MJMember.h */ = {isa = PBXFileReference; fileEncoding = 4; lastKnownFileType = sourcecode.c.h; path = MJMember.h; sourceTree = "<group>"; };
		F9B9EFFD1F90E45600A36BA2 /* MJMember.m */ = {isa = PBXFileReference; fileEncoding = 4; lastKnownFileType = sourcecode.c.objc; path = MJMember.m; sourceTree = "<group>"; };
		F9B9EFFE1F90E45600A36BA2 /* MJMethod.h */ = {isa = PBXFileReference; fileEncoding = 4; lastKnownFileType = sourcecode.c.h; path = MJMethod.h; sourceTree = "<group>"; };
		F9B9EFFF1F90E45600A36BA2 /* MJMethod.m */ = {isa = PBXFileReference; fileEncoding = 4; lastKnownFileType = sourcecode.c.objc; path = MJMethod.m; sourceTree = "<group>"; };
		F9B9F0001F90E45600A36BA2 /* MJType.h */ = {isa = PBXFileReference; fileEncoding = 4; lastKnownFileType = sourcecode.c.h; path = MJType.h; sourceTree = "<group>"; };
		F9B9F0011F90E45600A36BA2 /* MJType.m */ = {isa = PBXFileReference; fileEncoding = 4; lastKnownFileType = sourcecode.c.objc; path = MJType.m; sourceTree = "<group>"; };
		F9B9F0021F90E45600A36BA2 /* MJTypeEncoding.h */ = {isa = PBXFileReference; fileEncoding = 4; lastKnownFileType = sourcecode.c.h; path = MJTypeEncoding.h; sourceTree = "<group>"; };
		F9B9F0031F90E45600A36BA2 /* MJTypeEncoding.m */ = {isa = PBXFileReference; fileEncoding = 4; lastKnownFileType = sourcecode.c.objc; path = MJTypeEncoding.m; sourceTree = "<group>"; };
		F9B9F0041F90E45600A36BA2 /* NSObject+MJCoding.h */ = {isa = PBXFileReference; fileEncoding = 4; lastKnownFileType = sourcecode.c.h; path = "NSObject+MJCoding.h"; sourceTree = "<group>"; };
		F9B9F0051F90E45600A36BA2 /* NSObject+MJCoding.m */ = {isa = PBXFileReference; fileEncoding = 4; lastKnownFileType = sourcecode.c.objc; path = "NSObject+MJCoding.m"; sourceTree = "<group>"; };
		F9B9F0061F90E45600A36BA2 /* NSObject+MJKeyValue.h */ = {isa = PBXFileReference; fileEncoding = 4; lastKnownFileType = sourcecode.c.h; path = "NSObject+MJKeyValue.h"; sourceTree = "<group>"; };
		F9B9F0071F90E45600A36BA2 /* NSObject+MJKeyValue.m */ = {isa = PBXFileReference; fileEncoding = 4; lastKnownFileType = sourcecode.c.objc; path = "NSObject+MJKeyValue.m"; sourceTree = "<group>"; };
		F9B9F0081F90E45600A36BA2 /* NSObject+MJMember.h */ = {isa = PBXFileReference; fileEncoding = 4; lastKnownFileType = sourcecode.c.h; path = "NSObject+MJMember.h"; sourceTree = "<group>"; };
		F9B9F0091F90E45600A36BA2 /* NSObject+MJMember.m */ = {isa = PBXFileReference; fileEncoding = 4; lastKnownFileType = sourcecode.c.objc; path = "NSObject+MJMember.m"; sourceTree = "<group>"; };
		F9B9F0161F90E66600A36BA2 /* categories.plist */ = {isa = PBXFileReference; fileEncoding = 4; lastKnownFileType = text.plist.xml; path = categories.plist; sourceTree = "<group>"; };
		F9B9F0171F90E66600A36BA2 /* cities.plist */ = {isa = PBXFileReference; fileEncoding = 4; lastKnownFileType = text.plist.xml; path = cities.plist; sourceTree = "<group>"; };
		F9B9F0181F90E66600A36BA2 /* cityGroups.plist */ = {isa = PBXFileReference; fileEncoding = 4; lastKnownFileType = text.plist.xml; path = cityGroups.plist; sourceTree = "<group>"; };
		F9B9F0191F90E66600A36BA2 /* sorts.plist */ = {isa = PBXFileReference; fileEncoding = 4; lastKnownFileType = text.plist.xml; path = sorts.plist; sourceTree = "<group>"; };
		F9B9F01E1F90E86800A36BA2 /* MainCell.h */ = {isa = PBXFileReference; lastKnownFileType = sourcecode.c.h; path = MainCell.h; sourceTree = "<group>"; };
		F9B9F01F1F90E86800A36BA2 /* MainCell.m */ = {isa = PBXFileReference; lastKnownFileType = sourcecode.c.objc; path = MainCell.m; sourceTree = "<group>"; };
		F9B9F0211F90EABE00A36BA2 /* SubCell.h */ = {isa = PBXFileReference; lastKnownFileType = sourcecode.c.h; path = SubCell.h; sourceTree = "<group>"; };
		F9B9F0221F90EABE00A36BA2 /* SubCell.m */ = {isa = PBXFileReference; lastKnownFileType = sourcecode.c.objc; path = SubCell.m; sourceTree = "<group>"; };
		F9EA32AB1F91E73A004CE4E4 /* CityController.h */ = {isa = PBXFileReference; lastKnownFileType = sourcecode.c.h; path = CityController.h; sourceTree = "<group>"; };
		F9EA32AC1F91E73A004CE4E4 /* CityController.m */ = {isa = PBXFileReference; lastKnownFileType = sourcecode.c.objc; path = CityController.m; sourceTree = "<group>"; };
		F9EA32AD1F91E73A004CE4E4 /* CityController.xib */ = {isa = PBXFileReference; lastKnownFileType = file.xib; path = CityController.xib; sourceTree = "<group>"; };
		F9EA32B01F91ECEA004CE4E4 /* CitiesController.h */ = {isa = PBXFileReference; lastKnownFileType = sourcecode.c.h; path = CitiesController.h; sourceTree = "<group>"; };
		F9EA32B11F91ECEA004CE4E4 /* CitiesController.m */ = {isa = PBXFileReference; lastKnownFileType = sourcecode.c.objc; path = CitiesController.m; sourceTree = "<group>"; };
		F9EA32B21F91ECEA004CE4E4 /* CitiesController.xib */ = {isa = PBXFileReference; lastKnownFileType = file.xib; path = CitiesController.xib; sourceTree = "<group>"; };
		F9EA32B61F91F4CE004CE4E4 /* MASCompositeConstraint.h */ = {isa = PBXFileReference; fileEncoding = 4; lastKnownFileType = sourcecode.c.h; path = MASCompositeConstraint.h; sourceTree = "<group>"; };
		F9EA32B71F91F4CE004CE4E4 /* MASCompositeConstraint.m */ = {isa = PBXFileReference; fileEncoding = 4; lastKnownFileType = sourcecode.c.objc; path = MASCompositeConstraint.m; sourceTree = "<group>"; };
		F9EA32B81F91F4CE004CE4E4 /* MASConstraint+Private.h */ = {isa = PBXFileReference; fileEncoding = 4; lastKnownFileType = sourcecode.c.h; path = "MASConstraint+Private.h"; sourceTree = "<group>"; };
		F9EA32B91F91F4CE004CE4E4 /* MASConstraint.h */ = {isa = PBXFileReference; fileEncoding = 4; lastKnownFileType = sourcecode.c.h; path = MASConstraint.h; sourceTree = "<group>"; };
		F9EA32BA1F91F4CE004CE4E4 /* MASConstraint.m */ = {isa = PBXFileReference; fileEncoding = 4; lastKnownFileType = sourcecode.c.objc; path = MASConstraint.m; sourceTree = "<group>"; };
		F9EA32BB1F91F4CE004CE4E4 /* MASConstraintMaker.h */ = {isa = PBXFileReference; fileEncoding = 4; lastKnownFileType = sourcecode.c.h; path = MASConstraintMaker.h; sourceTree = "<group>"; };
		F9EA32BC1F91F4CE004CE4E4 /* MASConstraintMaker.m */ = {isa = PBXFileReference; fileEncoding = 4; lastKnownFileType = sourcecode.c.objc; path = MASConstraintMaker.m; sourceTree = "<group>"; };
		F9EA32BD1F91F4CE004CE4E4 /* MASLayoutConstraint.h */ = {isa = PBXFileReference; fileEncoding = 4; lastKnownFileType = sourcecode.c.h; path = MASLayoutConstraint.h; sourceTree = "<group>"; };
		F9EA32BE1F91F4CE004CE4E4 /* MASLayoutConstraint.m */ = {isa = PBXFileReference; fileEncoding = 4; lastKnownFileType = sourcecode.c.objc; path = MASLayoutConstraint.m; sourceTree = "<group>"; };
		F9EA32BF1F91F4CE004CE4E4 /* Masonry.h */ = {isa = PBXFileReference; fileEncoding = 4; lastKnownFileType = sourcecode.c.h; path = Masonry.h; sourceTree = "<group>"; };
		F9EA32C01F91F4CE004CE4E4 /* MASUtilities.h */ = {isa = PBXFileReference; fileEncoding = 4; lastKnownFileType = sourcecode.c.h; path = MASUtilities.h; sourceTree = "<group>"; };
		F9EA32C11F91F4CE004CE4E4 /* MASViewAttribute.h */ = {isa = PBXFileReference; fileEncoding = 4; lastKnownFileType = sourcecode.c.h; path = MASViewAttribute.h; sourceTree = "<group>"; };
		F9EA32C21F91F4CE004CE4E4 /* MASViewAttribute.m */ = {isa = PBXFileReference; fileEncoding = 4; lastKnownFileType = sourcecode.c.objc; path = MASViewAttribute.m; sourceTree = "<group>"; };
		F9EA32C31F91F4CE004CE4E4 /* MASViewConstraint.h */ = {isa = PBXFileReference; fileEncoding = 4; lastKnownFileType = sourcecode.c.h; path = MASViewConstraint.h; sourceTree = "<group>"; };
		F9EA32C41F91F4CE004CE4E4 /* MASViewConstraint.m */ = {isa = PBXFileReference; fileEncoding = 4; lastKnownFileType = sourcecode.c.objc; path = MASViewConstraint.m; sourceTree = "<group>"; };
		F9EA32C51F91F4CE004CE4E4 /* NSArray+MASAdditions.h */ = {isa = PBXFileReference; fileEncoding = 4; lastKnownFileType = sourcecode.c.h; path = "NSArray+MASAdditions.h"; sourceTree = "<group>"; };
		F9EA32C61F91F4CE004CE4E4 /* NSArray+MASAdditions.m */ = {isa = PBXFileReference; fileEncoding = 4; lastKnownFileType = sourcecode.c.objc; path = "NSArray+MASAdditions.m"; sourceTree = "<group>"; };
		F9EA32C71F91F4CE004CE4E4 /* NSArray+MASShorthandAdditions.h */ = {isa = PBXFileReference; fileEncoding = 4; lastKnownFileType = sourcecode.c.h; path = "NSArray+MASShorthandAdditions.h"; sourceTree = "<group>"; };
		F9EA32C81F91F4CE004CE4E4 /* NSLayoutConstraint+MASDebugAdditions.h */ = {isa = PBXFileReference; fileEncoding = 4; lastKnownFileType = sourcecode.c.h; path = "NSLayoutConstraint+MASDebugAdditions.h"; sourceTree = "<group>"; };
		F9EA32C91F91F4CE004CE4E4 /* NSLayoutConstraint+MASDebugAdditions.m */ = {isa = PBXFileReference; fileEncoding = 4; lastKnownFileType = sourcecode.c.objc; path = "NSLayoutConstraint+MASDebugAdditions.m"; sourceTree = "<group>"; };
		F9EA32CA1F91F4CE004CE4E4 /* View+MASAdditions.h */ = {isa = PBXFileReference; fileEncoding = 4; lastKnownFileType = sourcecode.c.h; path = "View+MASAdditions.h"; sourceTree = "<group>"; };
		F9EA32CB1F91F4CE004CE4E4 /* View+MASAdditions.m */ = {isa = PBXFileReference; fileEncoding = 4; lastKnownFileType = sourcecode.c.objc; path = "View+MASAdditions.m"; sourceTree = "<group>"; };
		F9EA32CC1F91F4CE004CE4E4 /* View+MASShorthandAdditions.h */ = {isa = PBXFileReference; fileEncoding = 4; lastKnownFileType = sourcecode.c.h; path = "View+MASShorthandAdditions.h"; sourceTree = "<group>"; };
		F9EA32D61F91FBF0004CE4E4 /* CityGroup.h */ = {isa = PBXFileReference; lastKnownFileType = sourcecode.c.h; path = CityGroup.h; sourceTree = "<group>"; };
		F9EA32D71F91FBF0004CE4E4 /* CityGroup.m */ = {isa = PBXFileReference; lastKnownFileType = sourcecode.c.objc; path = CityGroup.m; sourceTree = "<group>"; };
		F9EA32D91F92010C004CE4E4 /* City.h */ = {isa = PBXFileReference; lastKnownFileType = sourcecode.c.h; path = City.h; sourceTree = "<group>"; };
		F9EA32DA1F92010C004CE4E4 /* City.m */ = {isa = PBXFileReference; lastKnownFileType = sourcecode.c.objc; path = City.m; sourceTree = "<group>"; };
		F9EA32DC1F92011C004CE4E4 /* Regions.h */ = {isa = PBXFileReference; lastKnownFileType = sourcecode.c.h; path = Regions.h; sourceTree = "<group>"; };
		F9EA32DD1F92011C004CE4E4 /* Regions.m */ = {isa = PBXFileReference; lastKnownFileType = sourcecode.c.objc; path = Regions.m; sourceTree = "<group>"; };
/* End PBXFileReference section */

/* Begin PBXFrameworksBuildPhase section */
		5F5F3C6A1F54095300C30DF9 /* Frameworks */ = {
			isa = PBXFrameworksBuildPhase;
			buildActionMask = 2147483647;
			files = (
			);
			runOnlyForDeploymentPostprocessing = 0;
		};
		5F5F3C831F54096100C30DF9 /* Frameworks */ = {
			isa = PBXFrameworksBuildPhase;
			buildActionMask = 2147483647;
			files = (
			);
			runOnlyForDeploymentPostprocessing = 0;
		};
		5F5F3C8E1F54096200C30DF9 /* Frameworks */ = {
			isa = PBXFrameworksBuildPhase;
			buildActionMask = 2147483647;
			files = (
			);
			runOnlyForDeploymentPostprocessing = 0;
		};
/* End PBXFrameworksBuildPhase section */

/* Begin PBXGroup section */
		5F1ADAE91F90809800B8545C /* Class */ = {
			isa = PBXGroup;
			children = (
				5F1ADAEB1F90810A00B8545C /* Main */,
				5F1ADAEA1F90810700B8545C /* Home(主页) */,
			);
			path = Class;
			sourceTree = "<group>";
		};
		5F1ADAEA1F90810700B8545C /* Home(主页) */ = {
			isa = PBXGroup;
			children = (
				5F65AC821F90885A00D8E246 /* Model */,
				5F65AC811F90885800D8E246 /* View */,
				5F65AC801F90885600D8E246 /* Controller */,
			);
			path = "Home(主页)";
			sourceTree = "<group>";
		};
		5F1ADAEB1F90810A00B8545C /* Main */ = {
			isa = PBXGroup;
			children = (
				5F65AC981F90982700D8E246 /* Lib */,
				5F65AC971F90982500D8E246 /* Category */,
				5F65AC961F90982300D8E246 /* Controller */,
				5F65AC951F90982100D8E246 /* Other */,
			);
			path = Main;
			sourceTree = "<group>";
		};
		5F5F3C641F54095200C30DF9 = {
			isa = PBXGroup;
			children = (
				5F5F3C6F1F54095300C30DF9 /* SLL美团HD */,
				5F5F3C891F54096100C30DF9 /* SLL美团HDTests */,
				5F5F3C941F54096200C30DF9 /* SLL美团HDUITests */,
				5F5F3C6E1F54095300C30DF9 /* Products */,
			);
			sourceTree = "<group>";
		};
		5F5F3C6E1F54095300C30DF9 /* Products */ = {
			isa = PBXGroup;
			children = (
				5F5F3C6D1F54095300C30DF9 /* SLL美团HD.app */,
				5F5F3C861F54096100C30DF9 /* SLL美团HDTests.xctest */,
				5F5F3C911F54096200C30DF9 /* SLL美团HDUITests.xctest */,
			);
			name = Products;
			sourceTree = "<group>";
		};
		5F5F3C6F1F54095300C30DF9 /* SLL美团HD */ = {
			isa = PBXGroup;
			children = (
				5F1ADAE91F90809800B8545C /* Class */,
				5F5F3C761F54095700C30DF9 /* ViewController.h */,
				5F5F3C771F54095C00C30DF9 /* ViewController.m */,
				5F5F3C791F54096100C30DF9 /* Main.storyboard */,
				5F5F3C7C1F54096100C30DF9 /* Assets.xcassets */,
				5F5F3C7E1F54096100C30DF9 /* LaunchScreen.storyboard */,
				5F5F3C811F54096100C30DF9 /* Info.plist */,
				5F5F3C701F54095300C30DF9 /* Supporting Files */,
			);
			path = "SLL美团HD";
			sourceTree = "<group>";
		};
		5F5F3C701F54095300C30DF9 /* Supporting Files */ = {
			isa = PBXGroup;
			children = (
				F9B9F0151F90E66600A36BA2 /* Plist */,
				5F5F3C711F54095300C30DF9 /* main.m */,
			);
			name = "Supporting Files";
			sourceTree = "<group>";
		};
		5F5F3C891F54096100C30DF9 /* SLL美团HDTests */ = {
			isa = PBXGroup;
			children = (
				5F5F3C8A1F54096100C30DF9 /* SLL__HDTests.m */,
				5F5F3C8C1F54096200C30DF9 /* Info.plist */,
			);
			path = "SLL美团HDTests";
			sourceTree = "<group>";
		};
		5F5F3C941F54096200C30DF9 /* SLL美团HDUITests */ = {
			isa = PBXGroup;
			children = (
				5F5F3C951F54096200C30DF9 /* SLL__HDUITests.m */,
				5F5F3C971F54096200C30DF9 /* Info.plist */,
			);
			path = "SLL美团HDUITests";
			sourceTree = "<group>";
		};
		5F65AC801F90885600D8E246 /* Controller */ = {
			isa = PBXGroup;
			children = (
				5F65AC7A1F90863100D8E246 /* HomeViewController.h */,
				5F65AC7B1F90863100D8E246 /* HomeViewController.m */,
				5F65ACA61F90A10600D8E246 /* CateGoryViewController.h */,
				5F65ACA71F90A10600D8E246 /* CateGoryViewController.m */,
				F9EA32AB1F91E73A004CE4E4 /* CityController.h */,
				F9EA32AC1F91E73A004CE4E4 /* CityController.m */,
				F9EA32AD1F91E73A004CE4E4 /* CityController.xib */,
				F9EA32B01F91ECEA004CE4E4 /* CitiesController.h */,
				F9EA32B11F91ECEA004CE4E4 /* CitiesController.m */,
				F9EA32B21F91ECEA004CE4E4 /* CitiesController.xib */,
			);
			path = Controller;
			sourceTree = "<group>";
		};
		5F65AC811F90885800D8E246 /* View */ = {
			isa = PBXGroup;
			children = (
				5F65AC901F908F9600D8E246 /* HomeTopItem.h */,
				5F65AC911F908F9600D8E246 /* HomeTopItem.m */,
				5F65AC931F908FAA00D8E246 /* HomeTopItem.xib */,
				5F65AC9E1F909C7900D8E246 /* HomeDropDown.h */,
				5F65AC9F1F909C7900D8E246 /* HomeDropDown.m */,
				5F65ACA11F909C8800D8E246 /* HomeDropDown.xib */,
				F9B9F01E1F90E86800A36BA2 /* MainCell.h */,
				F9B9F01F1F90E86800A36BA2 /* MainCell.m */,
				F9B9F0211F90EABE00A36BA2 /* SubCell.h */,
				F9B9F0221F90EABE00A36BA2 /* SubCell.m */,
			);
			path = View;
			sourceTree = "<group>";
		};
		5F65AC821F90885A00D8E246 /* Model */ = {
			isa = PBXGroup;
			children = (
				F9B9EF5E1F90DB9300A36BA2 /* MTCategory.h */,
				F9B9EF5F1F90DB9300A36BA2 /* MTCategory.m */,
				F9EA32D61F91FBF0004CE4E4 /* CityGroup.h */,
				F9EA32D71F91FBF0004CE4E4 /* CityGroup.m */,
				F9EA32D91F92010C004CE4E4 /* City.h */,
				F9EA32DA1F92010C004CE4E4 /* City.m */,
				F9EA32DC1F92011C004CE4E4 /* Regions.h */,
				F9EA32DD1F92011C004CE4E4 /* Regions.m */,
			);
			path = Model;
			sourceTree = "<group>";
		};
		5F65AC951F90982100D8E246 /* Other */ = {
			isa = PBXGroup;
			children = (
				5F5F3C731F54095300C30DF9 /* AppDelegate.h */,
				5F5F3C741F54095300C30DF9 /* AppDelegate.m */,
				5F65AC8C1F908B5400D8E246 /* Const.h */,
				5F65AC8D1F908B5400D8E246 /* Const.m */,
			);
			path = Other;
			sourceTree = "<group>";
		};
		5F65AC961F90982300D8E246 /* Controller */ = {
			isa = PBXGroup;
			children = (
				5F65AC7D1F90869200D8E246 /* NavigationController.h */,
				5F65AC7E1F90869200D8E246 /* NavigationController.m */,
			);
			path = Controller;
			sourceTree = "<group>";
		};
		5F65AC971F90982500D8E246 /* Category */ = {
			isa = PBXGroup;
			children = (
				5F65AC871F90893100D8E246 /* UIBarButtonItem+Extension.h */,
				5F65AC881F90893100D8E246 /* UIBarButtonItem+Extension.m */,
				5F65AC851F9088E700D8E246 /* UIView+Extension.h */,
				5F65AC861F9088E700D8E246 /* UIView+Extension.m */,
			);
			path = Category;
			sourceTree = "<group>";
		};
		5F65AC981F90982700D8E246 /* Lib */ = {
			isa = PBXGroup;
			children = (
				F9EA32B51F91F4CE004CE4E4 /* Masonry */,
				F9B9EFF21F90E45600A36BA2 /* MJExtension */,
			);
			path = Lib;
			sourceTree = "<group>";
		};
		F9B9EFF21F90E45600A36BA2 /* MJExtension */ = {
			isa = PBXGroup;
			children = (
				F9B9EFF31F90E45600A36BA2 /* MJArgument.h */,
				F9B9EFF41F90E45600A36BA2 /* MJArgument.m */,
				F9B9EFF51F90E45600A36BA2 /* MJConst.h */,
				F9B9EFF61F90E45600A36BA2 /* MJConst.m */,
				F9B9EFF71F90E45600A36BA2 /* MJExtension.h */,
				F9B9EFF81F90E45600A36BA2 /* MJFoundation.h */,
				F9B9EFF91F90E45600A36BA2 /* MJFoundation.m */,
				F9B9EFFA1F90E45600A36BA2 /* MJIvar.h */,
				F9B9EFFB1F90E45600A36BA2 /* MJIvar.m */,
				F9B9EFFC1F90E45600A36BA2 /* MJMember.h */,
				F9B9EFFD1F90E45600A36BA2 /* MJMember.m */,
				F9B9EFFE1F90E45600A36BA2 /* MJMethod.h */,
				F9B9EFFF1F90E45600A36BA2 /* MJMethod.m */,
				F9B9F0001F90E45600A36BA2 /* MJType.h */,
				F9B9F0011F90E45600A36BA2 /* MJType.m */,
				F9B9F0021F90E45600A36BA2 /* MJTypeEncoding.h */,
				F9B9F0031F90E45600A36BA2 /* MJTypeEncoding.m */,
				F9B9F0041F90E45600A36BA2 /* NSObject+MJCoding.h */,
				F9B9F0051F90E45600A36BA2 /* NSObject+MJCoding.m */,
				F9B9F0061F90E45600A36BA2 /* NSObject+MJKeyValue.h */,
				F9B9F0071F90E45600A36BA2 /* NSObject+MJKeyValue.m */,
				F9B9F0081F90E45600A36BA2 /* NSObject+MJMember.h */,
				F9B9F0091F90E45600A36BA2 /* NSObject+MJMember.m */,
			);
			path = MJExtension;
			sourceTree = "<group>";
		};
		F9B9F0151F90E66600A36BA2 /* Plist */ = {
			isa = PBXGroup;
			children = (
				F9B9F0161F90E66600A36BA2 /* categories.plist */,
				F9B9F0171F90E66600A36BA2 /* cities.plist */,
				F9B9F0181F90E66600A36BA2 /* cityGroups.plist */,
				F9B9F0191F90E66600A36BA2 /* sorts.plist */,
			);
			path = Plist;
			sourceTree = "<group>";
		};
		F9EA32B51F91F4CE004CE4E4 /* Masonry */ = {
			isa = PBXGroup;
			children = (
				F9EA32B61F91F4CE004CE4E4 /* MASCompositeConstraint.h */,
				F9EA32B71F91F4CE004CE4E4 /* MASCompositeConstraint.m */,
				F9EA32B81F91F4CE004CE4E4 /* MASConstraint+Private.h */,
				F9EA32B91F91F4CE004CE4E4 /* MASConstraint.h */,
				F9EA32BA1F91F4CE004CE4E4 /* MASConstraint.m */,
				F9EA32BB1F91F4CE004CE4E4 /* MASConstraintMaker.h */,
				F9EA32BC1F91F4CE004CE4E4 /* MASConstraintMaker.m */,
				F9EA32BD1F91F4CE004CE4E4 /* MASLayoutConstraint.h */,
				F9EA32BE1F91F4CE004CE4E4 /* MASLayoutConstraint.m */,
				F9EA32BF1F91F4CE004CE4E4 /* Masonry.h */,
				F9EA32C01F91F4CE004CE4E4 /* MASUtilities.h */,
				F9EA32C11F91F4CE004CE4E4 /* MASViewAttribute.h */,
				F9EA32C21F91F4CE004CE4E4 /* MASViewAttribute.m */,
				F9EA32C31F91F4CE004CE4E4 /* MASViewConstraint.h */,
				F9EA32C41F91F4CE004CE4E4 /* MASViewConstraint.m */,
				F9EA32C51F91F4CE004CE4E4 /* NSArray+MASAdditions.h */,
				F9EA32C61F91F4CE004CE4E4 /* NSArray+MASAdditions.m */,
				F9EA32C71F91F4CE004CE4E4 /* NSArray+MASShorthandAdditions.h */,
				F9EA32C81F91F4CE004CE4E4 /* NSLayoutConstraint+MASDebugAdditions.h */,
				F9EA32C91F91F4CE004CE4E4 /* NSLayoutConstraint+MASDebugAdditions.m */,
				F9EA32CA1F91F4CE004CE4E4 /* View+MASAdditions.h */,
				F9EA32CB1F91F4CE004CE4E4 /* View+MASAdditions.m */,
				F9EA32CC1F91F4CE004CE4E4 /* View+MASShorthandAdditions.h */,
			);
			path = Masonry;
			sourceTree = "<group>";
		};
/* End PBXGroup section */

/* Begin PBXNativeTarget section */
		5F5F3C6C1F54095300C30DF9 /* SLL美团HD */ = {
			isa = PBXNativeTarget;
			buildConfigurationList = 5F5F3C9A1F54096200C30DF9 /* Build configuration list for PBXNativeTarget "SLL美团HD" */;
			buildPhases = (
				5F5F3C691F54095300C30DF9 /* Sources */,
				5F5F3C6A1F54095300C30DF9 /* Frameworks */,
				5F5F3C6B1F54095300C30DF9 /* Resources */,
			);
			buildRules = (
			);
			dependencies = (
			);
			name = "SLL美团HD";
			productName = "SLL美团HD";
			productReference = 5F5F3C6D1F54095300C30DF9 /* SLL美团HD.app */;
			productType = "com.apple.product-type.application";
		};
		5F5F3C851F54096100C30DF9 /* SLL美团HDTests */ = {
			isa = PBXNativeTarget;
			buildConfigurationList = 5F5F3C9D1F54096200C30DF9 /* Build configuration list for PBXNativeTarget "SLL美团HDTests" */;
			buildPhases = (
				5F5F3C821F54096100C30DF9 /* Sources */,
				5F5F3C831F54096100C30DF9 /* Frameworks */,
				5F5F3C841F54096100C30DF9 /* Resources */,
			);
			buildRules = (
			);
			dependencies = (
				5F5F3C881F54096100C30DF9 /* PBXTargetDependency */,
			);
			name = "SLL美团HDTests";
			productName = "SLL美团HDTests";
			productReference = 5F5F3C861F54096100C30DF9 /* SLL美团HDTests.xctest */;
			productType = "com.apple.product-type.bundle.unit-test";
		};
		5F5F3C901F54096200C30DF9 /* SLL美团HDUITests */ = {
			isa = PBXNativeTarget;
			buildConfigurationList = 5F5F3CA01F54096200C30DF9 /* Build configuration list for PBXNativeTarget "SLL美团HDUITests" */;
			buildPhases = (
				5F5F3C8D1F54096200C30DF9 /* Sources */,
				5F5F3C8E1F54096200C30DF9 /* Frameworks */,
				5F5F3C8F1F54096200C30DF9 /* Resources */,
			);
			buildRules = (
			);
			dependencies = (
				5F5F3C931F54096200C30DF9 /* PBXTargetDependency */,
			);
			name = "SLL美团HDUITests";
			productName = "SLL美团HDUITests";
			productReference = 5F5F3C911F54096200C30DF9 /* SLL美团HDUITests.xctest */;
			productType = "com.apple.product-type.bundle.ui-testing";
		};
/* End PBXNativeTarget section */

/* Begin PBXProject section */
		5F5F3C651F54095200C30DF9 /* Project object */ = {
			isa = PBXProject;
			attributes = {
				LastUpgradeCheck = 0830;
				ORGANIZATIONNAME = sll;
				TargetAttributes = {
					5F5F3C6C1F54095300C30DF9 = {
						CreatedOnToolsVersion = 8.3.3;
						DevelopmentTeam = YPA8ZFWJMP;
						ProvisioningStyle = Automatic;
					};
					5F5F3C851F54096100C30DF9 = {
						CreatedOnToolsVersion = 8.3.3;
						DevelopmentTeam = YPA8ZFWJMP;
						ProvisioningStyle = Automatic;
						TestTargetID = 5F5F3C6C1F54095300C30DF9;
					};
					5F5F3C901F54096200C30DF9 = {
						CreatedOnToolsVersion = 8.3.3;
						DevelopmentTeam = YPA8ZFWJMP;
						ProvisioningStyle = Automatic;
						TestTargetID = 5F5F3C6C1F54095300C30DF9;
					};
				};
			};
			buildConfigurationList = 5F5F3C681F54095200C30DF9 /* Build configuration list for PBXProject "SLL美团HD" */;
			compatibilityVersion = "Xcode 3.2";
			developmentRegion = English;
			hasScannedForEncodings = 0;
			knownRegions = (
				en,
				Base,
			);
			mainGroup = 5F5F3C641F54095200C30DF9;
			productRefGroup = 5F5F3C6E1F54095300C30DF9 /* Products */;
			projectDirPath = "";
			projectRoot = "";
			targets = (
				5F5F3C6C1F54095300C30DF9 /* SLL美团HD */,
				5F5F3C851F54096100C30DF9 /* SLL美团HDTests */,
				5F5F3C901F54096200C30DF9 /* SLL美团HDUITests */,
			);
		};
/* End PBXProject section */

/* Begin PBXResourcesBuildPhase section */
		5F5F3C6B1F54095300C30DF9 /* Resources */ = {
			isa = PBXResourcesBuildPhase;
			buildActionMask = 2147483647;
			files = (
				5F65ACA21F909C8800D8E246 /* HomeDropDown.xib in Resources */,
				F9B9F01B1F90E66600A36BA2 /* cities.plist in Resources */,
				5F5F3C801F54096100C30DF9 /* LaunchScreen.storyboard in Resources */,
				F9EA32B41F91ECEA004CE4E4 /* CitiesController.xib in Resources */,
				F9B9F01C1F90E66600A36BA2 /* cityGroups.plist in Resources */,
				F9B9F01A1F90E66600A36BA2 /* categories.plist in Resources */,
				5F5F3C7D1F54096100C30DF9 /* Assets.xcassets in Resources */,
				F9EA32AF1F91E73A004CE4E4 /* CityController.xib in Resources */,
				F9B9F01D1F90E66600A36BA2 /* sorts.plist in Resources */,
				5F5F3C7B1F54096100C30DF9 /* Main.storyboard in Resources */,
				5F65AC941F908FAA00D8E246 /* HomeTopItem.xib in Resources */,
			);
			runOnlyForDeploymentPostprocessing = 0;
		};
		5F5F3C841F54096100C30DF9 /* Resources */ = {
			isa = PBXResourcesBuildPhase;
			buildActionMask = 2147483647;
			files = (
			);
			runOnlyForDeploymentPostprocessing = 0;
		};
		5F5F3C8F1F54096200C30DF9 /* Resources */ = {
			isa = PBXResourcesBuildPhase;
			buildActionMask = 2147483647;
			files = (
			);
			runOnlyForDeploymentPostprocessing = 0;
		};
/* End PBXResourcesBuildPhase section */

/* Begin PBXSourcesBuildPhase section */
		5F5F3C691F54095300C30DF9 /* Sources */ = {
			isa = PBXSourcesBuildPhase;
			buildActionMask = 2147483647;
			files = (
				5F65AC8F1F908D6D00D8E246 /* UIView+Extension.m in Sources */,
				F9EA32B31F91ECEA004CE4E4 /* CitiesController.m in Sources */,
				F9EA32DE1F92011C004CE4E4 /* Regions.m in Sources */,
				5F65AC891F90893100D8E246 /* UIBarButtonItem+Extension.m in Sources */,
				F9B9F0201F90E86800A36BA2 /* MainCell.m in Sources */,
				F9B9F00E1F90E45800A36BA2 /* MJMember.m in Sources */,
				F9B9F00B1F90E45800A36BA2 /* MJConst.m in Sources */,
				F9EA32DB1F92010C004CE4E4 /* City.m in Sources */,
				F9B9F0131F90E45800A36BA2 /* NSObject+MJKeyValue.m in Sources */,
				F9B9F00C1F90E45800A36BA2 /* MJFoundation.m in Sources */,
				F9EA32D51F91F4CE004CE4E4 /* View+MASAdditions.m in Sources */,
				5F65ACA81F90A10600D8E246 /* CateGoryViewController.m in Sources */,
				5F65AC921F908F9600D8E246 /* HomeTopItem.m in Sources */,
				5F65ACA01F909C7900D8E246 /* HomeDropDown.m in Sources */,
				F9EA32CF1F91F4CE004CE4E4 /* MASConstraintMaker.m in Sources */,
				F9EA32D31F91F4CE004CE4E4 /* NSArray+MASAdditions.m in Sources */,
				F9EA32D21F91F4CE004CE4E4 /* MASViewConstraint.m in Sources */,
				5F5F3C781F54096000C30DF9 /* ViewController.m in Sources */,
				F9B9EF601F90DB9300A36BA2 /* MTCategory.m in Sources */,
				F9B9F0141F90E45800A36BA2 /* NSObject+MJMember.m in Sources */,
				5F5F3C751F54095300C30DF9 /* AppDelegate.m in Sources */,
				F9B9F00F1F90E45800A36BA2 /* MJMethod.m in Sources */,
				5F65AC7F1F90869200D8E246 /* NavigationController.m in Sources */,
				F9EA32AE1F91E73A004CE4E4 /* CityController.m in Sources */,
				F9B9F00A1F90E45800A36BA2 /* MJArgument.m in Sources */,
				F9B9F0121F90E45800A36BA2 /* NSObject+MJCoding.m in Sources */,
				F9EA32D41F91F4CE004CE4E4 /* NSLayoutConstraint+MASDebugAdditions.m in Sources */,
				F9EA32D01F91F4CE004CE4E4 /* MASLayoutConstraint.m in Sources */,
				F9EA32D81F91FBF0004CE4E4 /* CityGroup.m in Sources */,
				F9B9F0231F90EABE00A36BA2 /* SubCell.m in Sources */,
				F9B9F0101F90E45800A36BA2 /* MJType.m in Sources */,
				F9EA32CE1F91F4CE004CE4E4 /* MASConstraint.m in Sources */,
				F9B9F0111F90E45800A36BA2 /* MJTypeEncoding.m in Sources */,
				F9B9F00D1F90E45800A36BA2 /* MJIvar.m in Sources */,
				F9EA32CD1F91F4CE004CE4E4 /* MASCompositeConstraint.m in Sources */,
				5F65AC8E1F908B5400D8E246 /* Const.m in Sources */,
				F9EA32D11F91F4CE004CE4E4 /* MASViewAttribute.m in Sources */,
				5F5F3C721F54095300C30DF9 /* main.m in Sources */,
				5F65AC7C1F90863100D8E246 /* HomeViewController.m in Sources */,
			);
			runOnlyForDeploymentPostprocessing = 0;
		};
		5F5F3C821F54096100C30DF9 /* Sources */ = {
			isa = PBXSourcesBuildPhase;
			buildActionMask = 2147483647;
			files = (
				5F5F3C8B1F54096100C30DF9 /* SLL__HDTests.m in Sources */,
			);
			runOnlyForDeploymentPostprocessing = 0;
		};
		5F5F3C8D1F54096200C30DF9 /* Sources */ = {
			isa = PBXSourcesBuildPhase;
			buildActionMask = 2147483647;
			files = (
				5F5F3C961F54096200C30DF9 /* SLL__HDUITests.m in Sources */,
			);
			runOnlyForDeploymentPostprocessing = 0;
		};
/* End PBXSourcesBuildPhase section */

/* Begin PBXTargetDependency section */
		5F5F3C881F54096100C30DF9 /* PBXTargetDependency */ = {
			isa = PBXTargetDependency;
			target = 5F5F3C6C1F54095300C30DF9 /* SLL美团HD */;
			targetProxy = 5F5F3C871F54096100C30DF9 /* PBXContainerItemProxy */;
		};
		5F5F3C931F54096200C30DF9 /* PBXTargetDependency */ = {
			isa = PBXTargetDependency;
			target = 5F5F3C6C1F54095300C30DF9 /* SLL美团HD */;
			targetProxy = 5F5F3C921F54096200C30DF9 /* PBXContainerItemProxy */;
		};
/* End PBXTargetDependency section */

/* Begin PBXVariantGroup section */
		5F5F3C791F54096100C30DF9 /* Main.storyboard */ = {
			isa = PBXVariantGroup;
			children = (
				5F5F3C7A1F54096100C30DF9 /* Base */,
			);
			name = Main.storyboard;
			sourceTree = "<group>";
		};
		5F5F3C7E1F54096100C30DF9 /* LaunchScreen.storyboard */ = {
			isa = PBXVariantGroup;
			children = (
				5F5F3C7F1F54096100C30DF9 /* Base */,
			);
			name = LaunchScreen.storyboard;
			sourceTree = "<group>";
		};
/* End PBXVariantGroup section */

/* Begin XCBuildConfiguration section */
		5F5F3C981F54096200C30DF9 /* Debug */ = {
			isa = XCBuildConfiguration;
			buildSettings = {
				ALWAYS_SEARCH_USER_PATHS = NO;
				CLANG_ANALYZER_NONNULL = YES;
				CLANG_ANALYZER_NUMBER_OBJECT_CONVERSION = YES_AGGRESSIVE;
				CLANG_CXX_LANGUAGE_STANDARD = "gnu++0x";
				CLANG_CXX_LIBRARY = "libc++";
				CLANG_ENABLE_MODULES = YES;
				CLANG_ENABLE_OBJC_ARC = YES;
				CLANG_WARN_BOOL_CONVERSION = YES;
				CLANG_WARN_CONSTANT_CONVERSION = YES;
				CLANG_WARN_DIRECT_OBJC_ISA_USAGE = YES_ERROR;
				CLANG_WARN_DOCUMENTATION_COMMENTS = YES;
				CLANG_WARN_EMPTY_BODY = YES;
				CLANG_WARN_ENUM_CONVERSION = YES;
				CLANG_WARN_INFINITE_RECURSION = YES;
				CLANG_WARN_INT_CONVERSION = YES;
				CLANG_WARN_OBJC_ROOT_CLASS = YES_ERROR;
				CLANG_WARN_SUSPICIOUS_MOVE = YES;
				CLANG_WARN_UNREACHABLE_CODE = YES;
				CLANG_WARN__DUPLICATE_METHOD_MATCH = YES;
				"CODE_SIGN_IDENTITY[sdk=iphoneos*]" = "iPhone Developer";
				COPY_PHASE_STRIP = NO;
				DEBUG_INFORMATION_FORMAT = dwarf;
				ENABLE_STRICT_OBJC_MSGSEND = YES;
				ENABLE_TESTABILITY = YES;
				GCC_C_LANGUAGE_STANDARD = gnu99;
				GCC_DYNAMIC_NO_PIC = NO;
				GCC_NO_COMMON_BLOCKS = YES;
				GCC_OPTIMIZATION_LEVEL = 0;
				GCC_PREPROCESSOR_DEFINITIONS = (
					"DEBUG=1",
					"$(inherited)",
				);
				GCC_WARN_64_TO_32_BIT_CONVERSION = YES;
				GCC_WARN_ABOUT_RETURN_TYPE = YES_ERROR;
				GCC_WARN_UNDECLARED_SELECTOR = YES;
				GCC_WARN_UNINITIALIZED_AUTOS = YES_AGGRESSIVE;
				GCC_WARN_UNUSED_FUNCTION = YES;
				GCC_WARN_UNUSED_VARIABLE = YES;
				IPHONEOS_DEPLOYMENT_TARGET = 10.3;
				MTL_ENABLE_DEBUG_INFO = YES;
				ONLY_ACTIVE_ARCH = YES;
				SDKROOT = iphoneos;
				TARGETED_DEVICE_FAMILY = 2;
			};
			name = Debug;
		};
		5F5F3C991F54096200C30DF9 /* Release */ = {
			isa = XCBuildConfiguration;
			buildSettings = {
				ALWAYS_SEARCH_USER_PATHS = NO;
				CLANG_ANALYZER_NONNULL = YES;
				CLANG_ANALYZER_NUMBER_OBJECT_CONVERSION = YES_AGGRESSIVE;
				CLANG_CXX_LANGUAGE_STANDARD = "gnu++0x";
				CLANG_CXX_LIBRARY = "libc++";
				CLANG_ENABLE_MODULES = YES;
				CLANG_ENABLE_OBJC_ARC = YES;
				CLANG_WARN_BOOL_CONVERSION = YES;
				CLANG_WARN_CONSTANT_CONVERSION = YES;
				CLANG_WARN_DIRECT_OBJC_ISA_USAGE = YES_ERROR;
				CLANG_WARN_DOCUMENTATION_COMMENTS = YES;
				CLANG_WARN_EMPTY_BODY = YES;
				CLANG_WARN_ENUM_CONVERSION = YES;
				CLANG_WARN_INFINITE_RECURSION = YES;
				CLANG_WARN_INT_CONVERSION = YES;
				CLANG_WARN_OBJC_ROOT_CLASS = YES_ERROR;
				CLANG_WARN_SUSPICIOUS_MOVE = YES;
				CLANG_WARN_UNREACHABLE_CODE = YES;
				CLANG_WARN__DUPLICATE_METHOD_MATCH = YES;
				"CODE_SIGN_IDENTITY[sdk=iphoneos*]" = "iPhone Developer";
				COPY_PHASE_STRIP = NO;
				DEBUG_INFORMATION_FORMAT = "dwarf-with-dsym";
				ENABLE_NS_ASSERTIONS = NO;
				ENABLE_STRICT_OBJC_MSGSEND = YES;
				GCC_C_LANGUAGE_STANDARD = gnu99;
				GCC_NO_COMMON_BLOCKS = YES;
				GCC_WARN_64_TO_32_BIT_CONVERSION = YES;
				GCC_WARN_ABOUT_RETURN_TYPE = YES_ERROR;
				GCC_WARN_UNDECLARED_SELECTOR = YES;
				GCC_WARN_UNINITIALIZED_AUTOS = YES_AGGRESSIVE;
				GCC_WARN_UNUSED_FUNCTION = YES;
				GCC_WARN_UNUSED_VARIABLE = YES;
				IPHONEOS_DEPLOYMENT_TARGET = 10.3;
				MTL_ENABLE_DEBUG_INFO = NO;
				SDKROOT = iphoneos;
				TARGETED_DEVICE_FAMILY = 2;
				VALIDATE_PRODUCT = YES;
			};
			name = Release;
		};
		5F5F3C9B1F54096200C30DF9 /* Debug */ = {
			isa = XCBuildConfiguration;
			buildSettings = {
				ASSETCATALOG_COMPILER_APPICON_NAME = AppIcon;
				ASSETCATALOG_COMPILER_LAUNCHIMAGE_NAME = LaunchImage;
				DEVELOPMENT_TEAM = YPA8ZFWJMP;
				INFOPLIST_FILE = "SLL美团HD/Info.plist";
				IPHONEOS_DEPLOYMENT_TARGET = 8.0;
				LD_RUNPATH_SEARCH_PATHS = "$(inherited) @executable_path/Frameworks";
				PRODUCT_BUNDLE_IDENTIFIER = "sll.SLL--HD";
				PRODUCT_NAME = "$(TARGET_NAME)";
			};
			name = Debug;
		};
		5F5F3C9C1F54096200C30DF9 /* Release */ = {
			isa = XCBuildConfiguration;
			buildSettings = {
				ASSETCATALOG_COMPILER_APPICON_NAME = AppIcon;
				ASSETCATALOG_COMPILER_LAUNCHIMAGE_NAME = LaunchImage;
				DEVELOPMENT_TEAM = YPA8ZFWJMP;
				INFOPLIST_FILE = "SLL美团HD/Info.plist";
				IPHONEOS_DEPLOYMENT_TARGET = 8.0;
				LD_RUNPATH_SEARCH_PATHS = "$(inherited) @executable_path/Frameworks";
				PRODUCT_BUNDLE_IDENTIFIER = "sll.SLL--HD";
				PRODUCT_NAME = "$(TARGET_NAME)";
			};
			name = Release;
		};
		5F5F3C9E1F54096200C30DF9 /* Debug */ = {
			isa = XCBuildConfiguration;
			buildSettings = {
				BUNDLE_LOADER = "$(TEST_HOST)";
				DEVELOPMENT_TEAM = YPA8ZFWJMP;
				INFOPLIST_FILE = "SLL美团HDTests/Info.plist";
				LD_RUNPATH_SEARCH_PATHS = "$(inherited) @executable_path/Frameworks @loader_path/Frameworks";
				PRODUCT_BUNDLE_IDENTIFIER = "sll.SLL--HDTests";
				PRODUCT_NAME = "$(TARGET_NAME)";
				TEST_HOST = "$(BUILT_PRODUCTS_DIR)/SLL美团HD.app/SLL美团HD";
			};
			name = Debug;
		};
		5F5F3C9F1F54096200C30DF9 /* Release */ = {
			isa = XCBuildConfiguration;
			buildSettings = {
				BUNDLE_LOADER = "$(TEST_HOST)";
				DEVELOPMENT_TEAM = YPA8ZFWJMP;
				INFOPLIST_FILE = "SLL美团HDTests/Info.plist";
				LD_RUNPATH_SEARCH_PATHS = "$(inherited) @executable_path/Frameworks @loader_path/Frameworks";
				PRODUCT_BUNDLE_IDENTIFIER = "sll.SLL--HDTests";
				PRODUCT_NAME = "$(TARGET_NAME)";
				TEST_HOST = "$(BUILT_PRODUCTS_DIR)/SLL美团HD.app/SLL美团HD";
			};
			name = Release;
		};
		5F5F3CA11F54096200C30DF9 /* Debug */ = {
			isa = XCBuildConfiguration;
			buildSettings = {
				DEVELOPMENT_TEAM = YPA8ZFWJMP;
				INFOPLIST_FILE = "SLL美团HDUITests/Info.plist";
				LD_RUNPATH_SEARCH_PATHS = "$(inherited) @executable_path/Frameworks @loader_path/Frameworks";
				PRODUCT_BUNDLE_IDENTIFIER = "sll.SLL--HDUITests";
				PRODUCT_NAME = "$(TARGET_NAME)";
				TEST_TARGET_NAME = "SLL美团HD";
			};
			name = Debug;
		};
		5F5F3CA21F54096200C30DF9 /* Release */ = {
			isa = XCBuildConfiguration;
			buildSettings = {
				DEVELOPMENT_TEAM = YPA8ZFWJMP;
				INFOPLIST_FILE = "SLL美团HDUITests/Info.plist";
				LD_RUNPATH_SEARCH_PATHS = "$(inherited) @executable_path/Frameworks @loader_path/Frameworks";
				PRODUCT_BUNDLE_IDENTIFIER = "sll.SLL--HDUITests";
				PRODUCT_NAME = "$(TARGET_NAME)";
				TEST_TARGET_NAME = "SLL美团HD";
			};
			name = Release;
		};
/* End XCBuildConfiguration section */

/* Begin XCConfigurationList section */
		5F5F3C681F54095200C30DF9 /* Build configuration list for PBXProject "SLL美团HD" */ = {
			isa = XCConfigurationList;
			buildConfigurations = (
				5F5F3C981F54096200C30DF9 /* Debug */,
				5F5F3C991F54096200C30DF9 /* Release */,
			);
			defaultConfigurationIsVisible = 0;
			defaultConfigurationName = Release;
		};
		5F5F3C9A1F54096200C30DF9 /* Build configuration list for PBXNativeTarget "SLL美团HD" */ = {
			isa = XCConfigurationList;
			buildConfigurations = (
				5F5F3C9B1F54096200C30DF9 /* Debug */,
				5F5F3C9C1F54096200C30DF9 /* Release */,
			);
			defaultConfigurationIsVisible = 0;
			defaultConfigurationName = Release;
		};
		5F5F3C9D1F54096200C30DF9 /* Build configuration list for PBXNativeTarget "SLL美团HDTests" */ = {
			isa = XCConfigurationList;
			buildConfigurations = (
				5F5F3C9E1F54096200C30DF9 /* Debug */,
				5F5F3C9F1F54096200C30DF9 /* Release */,
			);
			defaultConfigurationIsVisible = 0;
			defaultConfigurationName = Release;
		};
		5F5F3CA01F54096200C30DF9 /* Build configuration list for PBXNativeTarget "SLL美团HDUITests" */ = {
			isa = XCConfigurationList;
			buildConfigurations = (
				5F5F3CA11F54096200C30DF9 /* Debug */,
				5F5F3CA21F54096200C30DF9 /* Release */,
			);
			defaultConfigurationIsVisible = 0;
			defaultConfigurationName = Release;
		};
/* End XCConfigurationList section */
	};
	rootObject = 5F5F3C651F54095200C30DF9 /* Project object */;
}
